{
  "version": 4,
  "terraform_version": "1.9.5",
  "serial": 23,
  "lineage": "82bdbb6b-bf28-3f60-4520-016d92bcf21a",
  "outputs": {},
  "resources": [
    {
      "mode": "managed",
      "type": "azurerm_linux_virtual_machine",
      "name": "vm",
      "provider": "provider[\"registry.terraform.io/hashicorp/azurerm\"]",
      "instances": [
        {
          "schema_version": 0,
          "attributes": {
            "additional_capabilities": [],
            "admin_password": "wims@2024",
            "admin_ssh_key": [],
            "admin_username": "wimsproject",
            "allow_extension_operations": true,
            "availability_set_id": "",
            "boot_diagnostics": [],
            "computer_name": "tomcat-vm",
            "custom_data": "IyEvYmluL2Jhc2gNCiMgVXBkYXRlIGFuZCBpbnN0YWxsIHJlcXVpcmVkIHBhY2thZ2VzDQphcHQtZ2V0IHVwZGF0ZQ0KYXB0LWdldCBpbnN0YWxsIC15IGRlZmF1bHQtamRrDQpjZCAvb3B0DQp3Z2V0IGh0dHBzOi8vZG93bmxvYWRzLmFwYWNoZS5vcmcvdG9tY2F0L3RvbWNhdC05L3Y5LjAuOTMvYmluL2FwYWNoZS10b21jYXQtOS4wLjkzLnRhci5neg0KdGFyIC14enZmIGFwYWNoZS10b21jYXQtOS4wLjkzLnRhci5neg0KY2htb2QgK3ggYXBhY2hlLXRvbWNhdC05LjAuOTMvYmluL3N0YXJ0dXAuc2gNCmNobW9kICt4IGFwYWNoZS10b21jYXQtOS4wLjkzL2Jpbi9zaHV0ZG93bi5zaA0KbG4gLXMgL29wdC9hcGFjaGUtdG9tY2F0LTkuMC45My9iaW4vc3RhcnR1cC5zaCAvdXNyL2xvY2FsL2Jpbi90b21jYXR1cA0KbG4gLXMgL29wdC9hcGFjaGUtdG9tY2F0LTkuMC45My9iaW4vc2h1dGRvd24uc2ggL3Vzci9sb2NhbC9iaW4vdG9tY2F0ZG93bg0KdG9tY2F0dXANCg0K",
            "dedicated_host_group_id": "",
            "dedicated_host_id": "",
            "disable_password_authentication": false,
            "encryption_at_host_enabled": false,
            "eviction_policy": "",
            "extensions_time_budget": "PT1H30M",
            "id": "/subscriptions/a0e2d268-250a-48f7-8aff-017336700865/resourceGroups/wims-rg/providers/Microsoft.Compute/virtualMachines/tomcat-vm",
            "identity": [],
            "license_type": "",
            "location": "centralindia",
            "max_bid_price": -1,
            "name": "tomcat-vm",
            "network_interface_ids": [
              "/subscriptions/a0e2d268-250a-48f7-8aff-017336700865/resourceGroups/wims-rg/providers/Microsoft.Network/networkInterfaces/tomcat-vm-nic"
            ],
            "os_disk": [
              {
                "caching": "ReadWrite",
                "diff_disk_settings": [],
                "disk_encryption_set_id": "",
                "disk_size_gb": 30,
                "name": "tomcat-vm_OsDisk_1_d0ecd282c1c4444cb7b79c329e67887d",
                "storage_account_type": "Standard_LRS",
                "write_accelerator_enabled": false
              }
            ],
            "patch_mode": "ImageDefault",
            "plan": [],
            "platform_fault_domain": -1,
            "priority": "Regular",
            "private_ip_address": "10.0.1.5",
            "private_ip_addresses": [
              "10.0.1.5"
            ],
            "provision_vm_agent": true,
            "proximity_placement_group_id": "",
            "public_ip_address": "52.140.98.81",
            "public_ip_addresses": [
              "52.140.98.81"
            ],
            "resource_group_name": "wims-rg",
            "secret": [],
            "secure_boot_enabled": false,
            "size": "Standard_B2s",
            "source_image_id": "",
            "source_image_reference": [
              {
                "offer": "0001-com-ubuntu-server-jammy",
                "publisher": "Canonical",
                "sku": "22_04-lts",
                "version": "latest"
              }
            ],
            "tags": null,
            "timeouts": null,
            "user_data": "",
            "virtual_machine_id": "27bcb6c7-b73e-4916-a559-71aea49be43f",
            "virtual_machine_scale_set_id": "",
            "vtpm_enabled": false,
            "zone": ""
          },
          "sensitive_attributes": [
            [
              {
                "type": "get_attr",
                "value": "admin_password"
              }
            ],
            [
              {
                "type": "get_attr",
                "value": "custom_data"
              }
            ]
          ],
          "private": "eyJlMmJmYjczMC1lY2FhLTExZTYtOGY4OC0zNDM2M2JjN2M0YzAiOnsiY3JlYXRlIjoyNzAwMDAwMDAwMDAwLCJkZWxldGUiOjI3MDAwMDAwMDAwMDAsInJlYWQiOjMwMDAwMDAwMDAwMCwidXBkYXRlIjoyNzAwMDAwMDAwMDAwfX0=",
          "dependencies": [
            "azurerm_network_interface.nic",
            "azurerm_public_ip.public_ip"
          ]
        }
      ]
    },
    {
      "mode": "managed",
      "type": "azurerm_network_interface",
      "name": "nic",
      "provider": "provider[\"registry.terraform.io/hashicorp/azurerm\"]",
      "instances": [
        {
          "schema_version": 0,
          "attributes": {
            "applied_dns_servers": [],
            "dns_servers": [],
            "enable_accelerated_networking": false,
            "enable_ip_forwarding": false,
            "id": "/subscriptions/a0e2d268-250a-48f7-8aff-017336700865/resourceGroups/wims-rg/providers/Microsoft.Network/networkInterfaces/tomcat-vm-nic",
            "internal_dns_name_label": "",
            "internal_domain_name_suffix": "j5wb2r3pccrezguc2rtwi0fckg.rx.internal.cloudapp.net",
            "ip_configuration": [
              {
                "gateway_load_balancer_frontend_ip_configuration_id": "",
                "name": "internal-1",
                "primary": true,
                "private_ip_address": "10.0.1.5",
                "private_ip_address_allocation": "Dynamic",
                "private_ip_address_version": "IPv4",
                "public_ip_address_id": "/subscriptions/a0e2d268-250a-48f7-8aff-017336700865/resourceGroups/wims-rg/providers/Microsoft.Network/publicIPAddresses/tomcat-vm-public-ip",
                "subnet_id": "/subscriptions/a0e2d268-250a-48f7-8aff-017336700865/resourceGroups/wims-rg/providers/Microsoft.Network/virtualNetworks/wims-vnet/subnets/wims-subnet"
              }
            ],
            "location": "centralindia",
            "mac_address": "",
            "name": "tomcat-vm-nic",
            "private_ip_address": "10.0.1.5",
            "private_ip_addresses": [
              "10.0.1.5"
            ],
            "resource_group_name": "wims-rg",
            "tags": null,
            "timeouts": null,
            "virtual_machine_id": ""
          },
          "sensitive_attributes": [],
          "private": "eyJlMmJmYjczMC1lY2FhLTExZTYtOGY4OC0zNDM2M2JjN2M0YzAiOnsiY3JlYXRlIjoxODAwMDAwMDAwMDAwLCJkZWxldGUiOjE4MDAwMDAwMDAwMDAsInJlYWQiOjMwMDAwMDAwMDAwMCwidXBkYXRlIjoxODAwMDAwMDAwMDAwfX0=",
          "dependencies": [
            "azurerm_public_ip.public_ip"
          ]
        }
      ]
    },
    {
      "mode": "managed",
      "type": "azurerm_public_ip",
      "name": "public_ip",
      "provider": "provider[\"registry.terraform.io/hashicorp/azurerm\"]",
      "instances": [
        {
          "schema_version": 0,
          "attributes": {
            "allocation_method": "Dynamic",
            "availability_zone": "No-Zone",
            "domain_name_label": null,
            "fqdn": null,
            "id": "/subscriptions/a0e2d268-250a-48f7-8aff-017336700865/resourceGroups/wims-rg/providers/Microsoft.Network/publicIPAddresses/tomcat-vm-public-ip",
            "idle_timeout_in_minutes": 4,
            "ip_address": "",
            "ip_tags": null,
            "ip_version": "IPv4",
            "location": "centralindia",
            "name": "tomcat-vm-public-ip",
            "public_ip_prefix_id": null,
            "resource_group_name": "wims-rg",
            "reverse_fqdn": null,
            "sku": "Basic",
            "sku_tier": "Regional",
            "tags": null,
            "timeouts": null,
            "zones": []
          },
          "sensitive_attributes": [],
          "private": "eyJlMmJmYjczMC1lY2FhLTExZTYtOGY4OC0zNDM2M2JjN2M0YzAiOnsiY3JlYXRlIjoxODAwMDAwMDAwMDAwLCJkZWxldGUiOjE4MDAwMDAwMDAwMDAsInJlYWQiOjMwMDAwMDAwMDAwMCwidXBkYXRlIjoxODAwMDAwMDAwMDAwfX0="
        }
      ]
    }
  ],
  "check_results": null
}
